
Microsoft Visual Studio Solution File, Format Version 12.00
# Visual Studio Version 17
VisualStudioVersion = 17.12.35209.166
MinimumVisualStudioVersion = 10.0.40219.1
Project("{2150E333-8FDC-42A3-9474-1A3956D46DE8}") = "src", "src", "{55F543D2-C321-4EFB-89C4-3747D775DA07}"
EndProject
Project("{FAE04EC0-301F-11D3-BF4B-00C04F79EFBC}") = "CleanArchitecture.Api", "CleanArchitecture.Api\CleanArchitecture.Api.csproj", "{ADDE0058-106E-48B4-A13F-8694004BF1E4}"
EndProject
Project("{2150E333-8FDC-42A3-9474-1A3956D46DE8}") = "test", "test", "{866F4C67-8813-495A-889A-856FDBFF72DD}"
EndProject
Project("{2150E333-8FDC-42A3-9474-1A3956D46DE8}") = "Core", "Core", "{4001A971-0309-46AC-9173-FAB9E55ABF5C}"
EndProject
Project("{FAE04EC0-301F-11D3-BF4B-00C04F79EFBC}") = "CleanArchitecture.Domain", "CleanArchitecture.Domain\CleanArchitecture.Domain.csproj", "{B054BE72-3A3F-4004-A0A2-A45D52B6359F}"
EndProject
Project("{FAE04EC0-301F-11D3-BF4B-00C04F79EFBC}") = "CleanArchitecture.Application", "CleanArchitecture.Application\CleanArchitecture.Application.csproj", "{64D6A10E-AB25-4345-97F8-89F2CD1E4F63}"
EndProject
Project("{2150E333-8FDC-42A3-9474-1A3956D46DE8}") = "Infrastructure", "Infrastructure", "{FCDD0B49-9264-4F42-A54C-6C7FCF2B5E43}"
EndProject
Project("{FAE04EC0-301F-11D3-BF4B-00C04F79EFBC}") = "CleanArchitecture.Persistence", "CleanArchitecture.Persistence\CleanArchitecture.Persistence.csproj", "{7F959F2E-4A6C-4341-B5CA-BD6E6F3C0FC6}"
EndProject
Project("{2150E333-8FDC-42A3-9474-1A3956D46DE8}") = "Api", "Api", "{EC139966-AFF4-46E4-977A-E6E1AC68FA3A}"
EndProject
Global
	GlobalSection(SolutionConfigurationPlatforms) = preSolution
		Debug|Any CPU = Debug|Any CPU
		Release|Any CPU = Release|Any CPU
	EndGlobalSection
	GlobalSection(ProjectConfigurationPlatforms) = postSolution
		{ADDE0058-106E-48B4-A13F-8694004BF1E4}.Debug|Any CPU.ActiveCfg = Debug|Any CPU
		{ADDE0058-106E-48B4-A13F-8694004BF1E4}.Debug|Any CPU.Build.0 = Debug|Any CPU
		{ADDE0058-106E-48B4-A13F-8694004BF1E4}.Release|Any CPU.ActiveCfg = Release|Any CPU
		{ADDE0058-106E-48B4-A13F-8694004BF1E4}.Release|Any CPU.Build.0 = Release|Any CPU
		{B054BE72-3A3F-4004-A0A2-A45D52B6359F}.Debug|Any CPU.ActiveCfg = Debug|Any CPU
		{B054BE72-3A3F-4004-A0A2-A45D52B6359F}.Debug|Any CPU.Build.0 = Debug|Any CPU
		{B054BE72-3A3F-4004-A0A2-A45D52B6359F}.Release|Any CPU.ActiveCfg = Release|Any CPU
		{B054BE72-3A3F-4004-A0A2-A45D52B6359F}.Release|Any CPU.Build.0 = Release|Any CPU
		{64D6A10E-AB25-4345-97F8-89F2CD1E4F63}.Debug|Any CPU.ActiveCfg = Debug|Any CPU
		{64D6A10E-AB25-4345-97F8-89F2CD1E4F63}.Debug|Any CPU.Build.0 = Debug|Any CPU
		{64D6A10E-AB25-4345-97F8-89F2CD1E4F63}.Release|Any CPU.ActiveCfg = Release|Any CPU
		{64D6A10E-AB25-4345-97F8-89F2CD1E4F63}.Release|Any CPU.Build.0 = Release|Any CPU
		{7F959F2E-4A6C-4341-B5CA-BD6E6F3C0FC6}.Debug|Any CPU.ActiveCfg = Debug|Any CPU
		{7F959F2E-4A6C-4341-B5CA-BD6E6F3C0FC6}.Debug|Any CPU.Build.0 = Debug|Any CPU
		{7F959F2E-4A6C-4341-B5CA-BD6E6F3C0FC6}.Release|Any CPU.ActiveCfg = Release|Any CPU
		{7F959F2E-4A6C-4341-B5CA-BD6E6F3C0FC6}.Release|Any CPU.Build.0 = Release|Any CPU
	EndGlobalSection
	GlobalSection(SolutionProperties) = preSolution
		HideSolutionNode = FALSE
	EndGlobalSection
	GlobalSection(NestedProjects) = preSolution
		{ADDE0058-106E-48B4-A13F-8694004BF1E4} = {EC139966-AFF4-46E4-977A-E6E1AC68FA3A}
		{4001A971-0309-46AC-9173-FAB9E55ABF5C} = {55F543D2-C321-4EFB-89C4-3747D775DA07}
		{B054BE72-3A3F-4004-A0A2-A45D52B6359F} = {4001A971-0309-46AC-9173-FAB9E55ABF5C}
		{64D6A10E-AB25-4345-97F8-89F2CD1E4F63} = {4001A971-0309-46AC-9173-FAB9E55ABF5C}
		{FCDD0B49-9264-4F42-A54C-6C7FCF2B5E43} = {55F543D2-C321-4EFB-89C4-3747D775DA07}
		{7F959F2E-4A6C-4341-B5CA-BD6E6F3C0FC6} = {FCDD0B49-9264-4F42-A54C-6C7FCF2B5E43}
		{EC139966-AFF4-46E4-977A-E6E1AC68FA3A} = {55F543D2-C321-4EFB-89C4-3747D775DA07}
	EndGlobalSection
	GlobalSection(ExtensibilityGlobals) = postSolution
		SolutionGuid = {5FDE5938-C31C-46FB-B9FC-02D23C57B515}
	EndGlobalSection
EndGlobal
